// !$*UTF8*$!
{
	archiveVersion = 1;
	classes = {
	};
	objectVersion = 51;
	objects = {

/* Begin PBXBuildFile section */
		040F5D8A24CDB5BB004BE726 /* BatAnimatonController.swift in Sources */ = {isa = PBXBuildFile; fileRef = 040F5D8924CDB5BB004BE726 /* BatAnimatonController.swift */; };
		0476EC60250D3BCC007ED260 /* peak.png in Resources */ = {isa = PBXBuildFile; fileRef = 0476EC5F250D3BCB007ED260 /* peak.png */; };
		0476EC64250D3CA6007ED260 /* eyes_orange.png in Resources */ = {isa = PBXBuildFile; fileRef = 0476EC62250D3CA6007ED260 /* eyes_orange.png */; };
		14357AAF234949CA00D9B0D3 /* bosson_full_logo.PNG in Resources */ = {isa = PBXBuildFile; fileRef = 14357AAE234949CA00D9B0D3 /* bosson_full_logo.PNG */; };
		14357AB1234A196700D9B0D3 /* tab_logo.png in Resources */ = {isa = PBXBuildFile; fileRef = 14357AB0234A196700D9B0D3 /* tab_logo.png */; };
		14357AB3234A8B1200D9B0D3 /* AboutViewController.swift in Sources */ = {isa = PBXBuildFile; fileRef = 14357AB2234A8B1200D9B0D3 /* AboutViewController.swift */; };
		14357AB5234A8C2F00D9B0D3 /* HiddenViewController.swift in Sources */ = {isa = PBXBuildFile; fileRef = 14357AB4234A8C2F00D9B0D3 /* HiddenViewController.swift */; };
		1441C99C2482CE5900EF2586 /* cries_from_hell.mp3 in Resources */ = {isa = PBXBuildFile; fileRef = 1441C99B2482CE5800EF2586 /* cries_from_hell.mp3 */; };
		1447250B248C1EF600A27662 /* HorrorMovieViewController.swift in Sources */ = {isa = PBXBuildFile; fileRef = 1447250A248C1EF600A27662 /* HorrorMovieViewController.swift */; };
		14472517248C244600A27662 /* dont_let_in.mp3 in Resources */ = {isa = PBXBuildFile; fileRef = 14472516248C244600A27662 /* dont_let_in.mp3 */; };
		14472519248C306A00A27662 /* monster_walking.mp3 in Resources */ = {isa = PBXBuildFile; fileRef = 14472518248C306A00A27662 /* monster_walking.mp3 */; };
		1451D9FA24925CE20094053E /* Colors.swift in Sources */ = {isa = PBXBuildFile; fileRef = 1451D9F924925CE20094053E /* Colors.swift */; };
		1451D9FC24925D320094053E /* elm_street.mp3 in Resources */ = {isa = PBXBuildFile; fileRef = 1451D9FB24925D320094053E /* elm_street.mp3 */; };
		1451D9FE24925F920094053E /* PulseAnimation.swift in Sources */ = {isa = PBXBuildFile; fileRef = 1451D9FD24925F920094053E /* PulseAnimation.swift */; };
		1451DA04249589630094053E /* NoHighlightButton.swift in Sources */ = {isa = PBXBuildFile; fileRef = 1451DA03249589630094053E /* NoHighlightButton.swift */; };
		1451DA0624958B9F0094053E /* PulseAnimation2.swift in Sources */ = {isa = PBXBuildFile; fileRef = 1451DA0524958B9F0094053E /* PulseAnimation2.swift */; };
		1451DA08249592BB0094053E /* HapticFeedback.swift in Sources */ = {isa = PBXBuildFile; fileRef = 1451DA07249592BB0094053E /* HapticFeedback.swift */; };
		1455C2B5234E8AD60053D99C /* space_terror.mp3 in Resources */ = {isa = PBXBuildFile; fileRef = 1455C2B4234E8AD60053D99C /* space_terror.mp3 */; };
		148A187C2360F8BD00CA2493 /* orange_skull.png in Resources */ = {isa = PBXBuildFile; fileRef = 148A187B2360F8BC00CA2493 /* orange_skull.png */; };
		14995AC9234AA6220042E5F1 /* the_ghost_song.mp3 in Resources */ = {isa = PBXBuildFile; fileRef = 14995AC8234AA6220042E5F1 /* the_ghost_song.mp3 */; };
		14995ACB234AA6350042E5F1 /* the_old_tape.mp3 in Resources */ = {isa = PBXBuildFile; fileRef = 14995ACA234AA6350042E5F1 /* the_old_tape.mp3 */; };
		14B6D7A9216A4CC000DAAAE4 /* Creepster.ttf in Resources */ = {isa = PBXBuildFile; fileRef = 7BCD3730213F4DBC00B27F54 /* Creepster.ttf */; };
		14ED5BF4249960CF00D11869 /* vorhees.mp3 in Resources */ = {isa = PBXBuildFile; fileRef = 14ED5BF3249960CF00D11869 /* vorhees.mp3 */; };
		14FE01E0248B0F6400E1B0B0 /* titlebar_image.png in Resources */ = {isa = PBXBuildFile; fileRef = 14FE01DF248B0F6400E1B0B0 /* titlebar_image.png */; };
		14FE01E2248B1CE900E1B0B0 /* titlebar_image_smaller.png in Resources */ = {isa = PBXBuildFile; fileRef = 14FE01E1248B1CE900E1B0B0 /* titlebar_image_smaller.png */; };
		14FE01E4248B260A00E1B0B0 /* LongMixViewController.swift in Sources */ = {isa = PBXBuildFile; fileRef = 14FE01E3248B260A00E1B0B0 /* LongMixViewController.swift */; };
		7B05DEA42137665B00BAC058 /* graveyard.png in Resources */ = {isa = PBXBuildFile; fileRef = 7B05DEA32137665A00BAC058 /* graveyard.png */; };
		7B05DEA62139EAF200BAC058 /* chilling_cries.mp3 in Resources */ = {isa = PBXBuildFile; fileRef = 7B05DEA52139EAF100BAC058 /* chilling_cries.mp3 */; };
		7B305C8D2132F25300B184F5 /* AppDelegate.swift in Sources */ = {isa = PBXBuildFile; fileRef = 7B305C8C2132F25300B184F5 /* AppDelegate.swift */; };
		7B305C8F2132F25300B184F5 /* ViewController.swift in Sources */ = {isa = PBXBuildFile; fileRef = 7B305C8E2132F25300B184F5 /* ViewController.swift */; };
		7B305C922132F25300B184F5 /* Main.storyboard in Resources */ = {isa = PBXBuildFile; fileRef = 7B305C902132F25300B184F5 /* Main.storyboard */; };
		7B305C942132F25500B184F5 /* Assets.xcassets in Resources */ = {isa = PBXBuildFile; fileRef = 7B305C932132F25500B184F5 /* Assets.xcassets */; };
		7B305C972132F25500B184F5 /* LaunchScreen.storyboard in Resources */ = {isa = PBXBuildFile; fileRef = 7B305C952132F25500B184F5 /* LaunchScreen.storyboard */; };
		7B305CA22132F25500B184F5 /* SpookyHalloweenSoundsTests.swift in Sources */ = {isa = PBXBuildFile; fileRef = 7B305CA12132F25500B184F5 /* SpookyHalloweenSoundsTests.swift */; };
		7B305CAD2132F25500B184F5 /* SpookyHalloweenSoundsUITests.swift in Sources */ = {isa = PBXBuildFile; fileRef = 7B305CAC2132F25500B184F5 /* SpookyHalloweenSoundsUITests.swift */; };
		7B987D7E2133718D00743717 /* cat_scream.mp3 in Resources */ = {isa = PBXBuildFile; fileRef = 7B987D512133718800743717 /* cat_scream.mp3 */; };
		7B987D7F2133718D00743717 /* igor_grumble.mp3 in Resources */ = {isa = PBXBuildFile; fileRef = 7B987D522133718800743717 /* igor_grumble.mp3 */; };
		7B987D802133718D00743717 /* creepy_song.mp3 in Resources */ = {isa = PBXBuildFile; fileRef = 7B987D532133718900743717 /* creepy_song.mp3 */; };
		7B987D812133718D00743717 /* chained_ghoul.wav in Resources */ = {isa = PBXBuildFile; fileRef = 7B987D542133718900743717 /* chained_ghoul.wav */; };
		7B987D832133718D00743717 /* scarecrow.mp3 in Resources */ = {isa = PBXBuildFile; fileRef = 7B987D562133718900743717 /* scarecrow.mp3 */; };
		7B987D842133718D00743717 /* haunted_organ.mp3 in Resources */ = {isa = PBXBuildFile; fileRef = 7B987D572133718900743717 /* haunted_organ.mp3 */; };
		7B987D852133718D00743717 /* warning_bells.mp3 in Resources */ = {isa = PBXBuildFile; fileRef = 7B987D582133718900743717 /* warning_bells.mp3 */; };
		7B987D862133718D00743717 /* chilling_horn.mp3 in Resources */ = {isa = PBXBuildFile; fileRef = 7B987D592133718900743717 /* chilling_horn.mp3 */; };
		7B987D872133718D00743717 /* poltergeist_voice.mp3 in Resources */ = {isa = PBXBuildFile; fileRef = 7B987D5A2133718900743717 /* poltergeist_voice.mp3 */; };
		7B987D882133718D00743717 /* long_mix.mp3 in Resources */ = {isa = PBXBuildFile; fileRef = 7B987D5B2133718A00743717 /* long_mix.mp3 */; };
		7B987D892133718D00743717 /* spooky_owl.wav in Resources */ = {isa = PBXBuildFile; fileRef = 7B987D5C2133718A00743717 /* spooky_owl.wav */; };
		7B987D8A2133718D00743717 /* witch_laugh.mp3 in Resources */ = {isa = PBXBuildFile; fileRef = 7B987D5D2133718A00743717 /* witch_laugh.mp3 */; };
		7B987D8B2133718D00743717 /* scary_nursery.mp3 in Resources */ = {isa = PBXBuildFile; fileRef = 7B987D5E2133718A00743717 /* scary_nursery.mp3 */; };
		7B987D8C2133718D00743717 /* bubbles.wav in Resources */ = {isa = PBXBuildFile; fileRef = 7B987D5F2133718A00743717 /* bubbles.wav */; };
		7B987D8D2133718D00743717 /* ghostly_whisper.mp3 in Resources */ = {isa = PBXBuildFile; fileRef = 7B987D602133718A00743717 /* ghostly_whisper.mp3 */; };
		7B987D8E2133718D00743717 /* werewolf_howl.mp3 in Resources */ = {isa = PBXBuildFile; fileRef = 7B987D612133718A00743717 /* werewolf_howl.mp3 */; };
		7B987D8F2133718D00743717 /* spooky_chains.mp3 in Resources */ = {isa = PBXBuildFile; fileRef = 7B987D622133718A00743717 /* spooky_chains.mp3 */; };
		7B987D902133718D00743717 /* wolf_cry.mp3 in Resources */ = {isa = PBXBuildFile; fileRef = 7B987D632133718A00743717 /* wolf_cry.mp3 */; };
		7B987D912133718D00743717 /* wraith_wail.wav in Resources */ = {isa = PBXBuildFile; fileRef = 7B987D642133718A00743717 /* wraith_wail.wav */; };
		7B987D922133718D00743717 /* evil_man.mp3 in Resources */ = {isa = PBXBuildFile; fileRef = 7B987D652133718A00743717 /* evil_man.mp3 */; };
		7B987D932133718D00743717 /* zombie_come.mp3 in Resources */ = {isa = PBXBuildFile; fileRef = 7B987D662133718B00743717 /* zombie_come.mp3 */; };
		7B987D942133718D00743717 /* blowing_wind.wav in Resources */ = {isa = PBXBuildFile; fileRef = 7B987D672133718B00743717 /* blowing_wind.wav */; };
		7B987D952133718D00743717 /* monster_growl.mp3 in Resources */ = {isa = PBXBuildFile; fileRef = 7B987D682133718B00743717 /* monster_growl.mp3 */; };
		7B987D962133718D00743717 /* zombie.mp3 in Resources */ = {isa = PBXBuildFile; fileRef = 7B987D692133718B00743717 /* zombie.mp3 */; };
		7B987D972133718D00743717 /* black_cat.mp3 in Resources */ = {isa = PBXBuildFile; fileRef = 7B987D6A2133718B00743717 /* black_cat.mp3 */; };
		7B987D982133718D00743717 /* haunted_swamp.mp3 in Resources */ = {isa = PBXBuildFile; fileRef = 7B987D6B2133718B00743717 /* haunted_swamp.mp3 */; };
		7B987D9A2133718D00743717 /* ultra_terror.mp3 in Resources */ = {isa = PBXBuildFile; fileRef = 7B987D6D2133718B00743717 /* ultra_terror.mp3 */; };
		7B987D9B2133718D00743717 /* horror_ambience.mp3 in Resources */ = {isa = PBXBuildFile; fileRef = 7B987D6E2133718C00743717 /* horror_ambience.mp3 */; };
		7B987D9C2133718D00743717 /* knock_knock.mp3 in Resources */ = {isa = PBXBuildFile; fileRef = 7B987D6F2133718C00743717 /* knock_knock.mp3 */; };
		7B987D9D2133718D00743717 /* tortured_souls.mp3 in Resources */ = {isa = PBXBuildFile; fileRef = 7B987D702133718C00743717 /* tortured_souls.mp3 */; };
		7B987D9E2133718D00743717 /* haunted_house.mp3 in Resources */ = {isa = PBXBuildFile; fileRef = 7B987D712133718C00743717 /* haunted_house.mp3 */; };
		7B987D9F2133718D00743717 /* dracula_laugh.mp3 in Resources */ = {isa = PBXBuildFile; fileRef = 7B987D722133718C00743717 /* dracula_laugh.mp3 */; };
		7B987DA02133718D00743717 /* scary_scream.mp3 in Resources */ = {isa = PBXBuildFile; fileRef = 7B987D732133718C00743717 /* scary_scream.mp3 */; };
		7B987DA12133718D00743717 /* thunder.mp3 in Resources */ = {isa = PBXBuildFile; fileRef = 7B987D742133718C00743717 /* thunder.mp3 */; };
		7B987DA22133718D00743717 /* ghost_boo.mp3 in Resources */ = {isa = PBXBuildFile; fileRef = 7B987D752133718C00743717 /* ghost_boo.mp3 */; };
		7B987DA32133718D00743717 /* terrified_scream.mp3 in Resources */ = {isa = PBXBuildFile; fileRef = 7B987D762133718C00743717 /* terrified_scream.mp3 */; };
		7B987DA52133718D00743717 /* horror_film.mp3 in Resources */ = {isa = PBXBuildFile; fileRef = 7B987D782133718D00743717 /* horror_film.mp3 */; };
		7B987DA62133718D00743717 /* painful_moan.mp3 in Resources */ = {isa = PBXBuildFile; fileRef = 7B987D792133718D00743717 /* painful_moan.mp3 */; };
		7B987DA82133718D00743717 /* vampire_bat.mp3 in Resources */ = {isa = PBXBuildFile; fileRef = 7B987D7B2133718D00743717 /* vampire_bat.mp3 */; };
		7B987DA92133718D00743717 /* creaky_door.mp3 in Resources */ = {isa = PBXBuildFile; fileRef = 7B987D7C2133718D00743717 /* creaky_door.mp3 */; };
		7B987E05213371FA00743717 /* bd_logo.png in Resources */ = {isa = PBXBuildFile; fileRef = 7B987DD7213371FA00743717 /* bd_logo.png */; };
		8DC9309824A768B8008C189D /* GoogleService-Info.plist in Resources */ = {isa = PBXBuildFile; fileRef = 8DC9309724A768B8008C189D /* GoogleService-Info.plist */; };
		8DC9309C24A76943008C189D /* shining.mp3 in Resources */ = {isa = PBXBuildFile; fileRef = 8DC9309924A76943008C189D /* shining.mp3 */; };
		8DC9309D24A76943008C189D /* exorcist.mp3 in Resources */ = {isa = PBXBuildFile; fileRef = 8DC9309A24A76943008C189D /* exorcist.mp3 */; };
		8DC9309E24A76943008C189D /* halloween.mp3 in Resources */ = {isa = PBXBuildFile; fileRef = 8DC9309B24A76943008C189D /* halloween.mp3 */; };
		AD583B6F824133B718C288AB /* Pods_SpookyHalloweenSoundsTests.framework in Frameworks */ = {isa = PBXBuildFile; fileRef = E643C4557D38D4F6A4E83706 /* Pods_SpookyHalloweenSoundsTests.framework */; };
		D6E26D5A4B2B600966CABAA5 /* Pods_SpookyHalloweenSounds_SpookyHalloweenSoundsUITests.framework in Frameworks */ = {isa = PBXBuildFile; fileRef = FD631482F5B4176DD8612C5B /* Pods_SpookyHalloweenSounds_SpookyHalloweenSoundsUITests.framework */; };
		E8FFE8FE8A948434D07C473A /* Pods_SpookyHalloweenSounds.framework in Frameworks */ = {isa = PBXBuildFile; fileRef = CC5A0743CCE83A7079B1B572 /* Pods_SpookyHalloweenSounds.framework */; };
/* End PBXBuildFile section */

/* Begin PBXContainerItemProxy section */
		7B305C9E2132F25500B184F5 /* PBXContainerItemProxy */ = {
			isa = PBXContainerItemProxy;
			containerPortal = 7B305C812132F25300B184F5 /* Project object */;
			proxyType = 1;
			remoteGlobalIDString = 7B305C882132F25300B184F5;
			remoteInfo = SpookyHalloweenSounds;
		};
		7B305CA92132F25500B184F5 /* PBXContainerItemProxy */ = {
			isa = PBXContainerItemProxy;
			containerPortal = 7B305C812132F25300B184F5 /* Project object */;
			proxyType = 1;
			remoteGlobalIDString = 7B305C882132F25300B184F5;
			remoteInfo = SpookyHalloweenSounds;
		};
/* End PBXContainerItemProxy section */

/* Begin PBXFileReference section */
		040F5D8924CDB5BB004BE726 /* BatAnimatonController.swift */ = {isa = PBXFileReference; lastKnownFileType = sourcecode.swift; path = BatAnimatonController.swift; sourceTree = "<group>"; };
		0476EC5F250D3BCB007ED260 /* peak.png */ = {isa = PBXFileReference; lastKnownFileType = image.png; path = peak.png; sourceTree = "<group>"; };
		0476EC62250D3CA6007ED260 /* eyes_orange.png */ = {isa = PBXFileReference; lastKnownFileType = image.png; path = eyes_orange.png; sourceTree = "<group>"; };
		09A1184FFF06698EA51E5920 /* Pods-SpookyHalloweenSounds-SpookyHalloweenSoundsUITests.debug.xcconfig */ = {isa = PBXFileReference; includeInIndex = 1; lastKnownFileType = text.xcconfig; name = "Pods-SpookyHalloweenSounds-SpookyHalloweenSoundsUITests.debug.xcconfig"; path = "Target Support Files/Pods-SpookyHalloweenSounds-SpookyHalloweenSoundsUITests/Pods-SpookyHalloweenSounds-SpookyHalloweenSoundsUITests.debug.xcconfig"; sourceTree = "<group>"; };
		140E733E216AC5CC00E653D0 /* SpookyHalloweenSounds.entitlements */ = {isa = PBXFileReference; lastKnownFileType = text.plist.entitlements; path = SpookyHalloweenSounds.entitlements; sourceTree = "<group>"; };
		14357AAE234949CA00D9B0D3 /* bosson_full_logo.PNG */ = {isa = PBXFileReference; lastKnownFileType = image.png; path = bosson_full_logo.PNG; sourceTree = "<group>"; };
		14357AB0234A196700D9B0D3 /* tab_logo.png */ = {isa = PBXFileReference; lastKnownFileType = image.png; path = tab_logo.png; sourceTree = "<group>"; };
		14357AB2234A8B1200D9B0D3 /* AboutViewController.swift */ = {isa = PBXFileReference; lastKnownFileType = sourcecode.swift; path = AboutViewController.swift; sourceTree = "<group>"; };
		14357AB4234A8C2F00D9B0D3 /* HiddenViewController.swift */ = {isa = PBXFileReference; lastKnownFileType = sourcecode.swift; path = HiddenViewController.swift; sourceTree = "<group>"; };
		1441C99B2482CE5800EF2586 /* cries_from_hell.mp3 */ = {isa = PBXFileReference; lastKnownFileType = audio.mp3; path = cries_from_hell.mp3; sourceTree = "<group>"; };
		1447250A248C1EF600A27662 /* HorrorMovieViewController.swift */ = {isa = PBXFileReference; lastKnownFileType = sourcecode.swift; path = HorrorMovieViewController.swift; sourceTree = "<group>"; };
		14472516248C244600A27662 /* dont_let_in.mp3 */ = {isa = PBXFileReference; lastKnownFileType = audio.mp3; path = dont_let_in.mp3; sourceTree = "<group>"; };
		14472518248C306A00A27662 /* monster_walking.mp3 */ = {isa = PBXFileReference; lastKnownFileType = audio.mp3; path = monster_walking.mp3; sourceTree = "<group>"; };
		1451D9F924925CE20094053E /* Colors.swift */ = {isa = PBXFileReference; lastKnownFileType = sourcecode.swift; path = Colors.swift; sourceTree = "<group>"; };
		1451D9FB24925D320094053E /* elm_street.mp3 */ = {isa = PBXFileReference; lastKnownFileType = audio.mp3; path = elm_street.mp3; sourceTree = "<group>"; };
		1451D9FD24925F920094053E /* PulseAnimation.swift */ = {isa = PBXFileReference; lastKnownFileType = sourcecode.swift; path = PulseAnimation.swift; sourceTree = "<group>"; };
		1451DA03249589630094053E /* NoHighlightButton.swift */ = {isa = PBXFileReference; lastKnownFileType = sourcecode.swift; path = NoHighlightButton.swift; sourceTree = "<group>"; };
		1451DA0524958B9F0094053E /* PulseAnimation2.swift */ = {isa = PBXFileReference; lastKnownFileType = sourcecode.swift; path = PulseAnimation2.swift; sourceTree = "<group>"; };
		1451DA07249592BB0094053E /* HapticFeedback.swift */ = {isa = PBXFileReference; lastKnownFileType = sourcecode.swift; path = HapticFeedback.swift; sourceTree = "<group>"; };
		1455C2B4234E8AD60053D99C /* space_terror.mp3 */ = {isa = PBXFileReference; lastKnownFileType = audio.mp3; path = space_terror.mp3; sourceTree = "<group>"; };
		148A187B2360F8BC00CA2493 /* orange_skull.png */ = {isa = PBXFileReference; lastKnownFileType = image.png; path = orange_skull.png; sourceTree = "<group>"; };
		14995AC8234AA6220042E5F1 /* the_ghost_song.mp3 */ = {isa = PBXFileReference; lastKnownFileType = audio.mp3; path = the_ghost_song.mp3; sourceTree = "<group>"; };
		14995ACA234AA6350042E5F1 /* the_old_tape.mp3 */ = {isa = PBXFileReference; lastKnownFileType = audio.mp3; path = the_old_tape.mp3; sourceTree = "<group>"; };
		14ED5BF3249960CF00D11869 /* vorhees.mp3 */ = {isa = PBXFileReference; lastKnownFileType = audio.mp3; path = vorhees.mp3; sourceTree = "<group>"; };
		14FE01DF248B0F6400E1B0B0 /* titlebar_image.png */ = {isa = PBXFileReference; lastKnownFileType = image.png; path = titlebar_image.png; sourceTree = "<group>"; };
		14FE01E1248B1CE900E1B0B0 /* titlebar_image_smaller.png */ = {isa = PBXFileReference; lastKnownFileType = image.png; path = titlebar_image_smaller.png; sourceTree = "<group>"; };
		14FE01E3248B260A00E1B0B0 /* LongMixViewController.swift */ = {isa = PBXFileReference; lastKnownFileType = sourcecode.swift; path = LongMixViewController.swift; sourceTree = "<group>"; };
		657E2B627565A6A319342E84 /* Pods-SpookyHalloweenSounds-SpookyHalloweenSoundsUITests.release.xcconfig */ = {isa = PBXFileReference; includeInIndex = 1; lastKnownFileType = text.xcconfig; name = "Pods-SpookyHalloweenSounds-SpookyHalloweenSoundsUITests.release.xcconfig"; path = "Target Support Files/Pods-SpookyHalloweenSounds-SpookyHalloweenSoundsUITests/Pods-SpookyHalloweenSounds-SpookyHalloweenSoundsUITests.release.xcconfig"; sourceTree = "<group>"; };
		7B05DEA32137665A00BAC058 /* graveyard.png */ = {isa = PBXFileReference; lastKnownFileType = image.png; path = graveyard.png; sourceTree = "<group>"; };
		7B05DEA52139EAF100BAC058 /* chilling_cries.mp3 */ = {isa = PBXFileReference; lastKnownFileType = audio.mp3; path = chilling_cries.mp3; sourceTree = "<group>"; };
		7B305C892132F25300B184F5 /* Halloween.app */ = {isa = PBXFileReference; explicitFileType = wrapper.application; includeInIndex = 0; path = Halloween.app; sourceTree = BUILT_PRODUCTS_DIR; };
		7B305C8C2132F25300B184F5 /* AppDelegate.swift */ = {isa = PBXFileReference; lastKnownFileType = sourcecode.swift; path = AppDelegate.swift; sourceTree = "<group>"; };
		7B305C8E2132F25300B184F5 /* ViewController.swift */ = {isa = PBXFileReference; lastKnownFileType = sourcecode.swift; path = ViewController.swift; sourceTree = "<group>"; };
		7B305C912132F25300B184F5 /* Base */ = {isa = PBXFileReference; lastKnownFileType = file.storyboard; name = Base; path = Base.lproj/Main.storyboard; sourceTree = "<group>"; };
		7B305C932132F25500B184F5 /* Assets.xcassets */ = {isa = PBXFileReference; lastKnownFileType = folder.assetcatalog; path = Assets.xcassets; sourceTree = "<group>"; };
		7B305C962132F25500B184F5 /* Base */ = {isa = PBXFileReference; lastKnownFileType = file.storyboard; name = Base; path = Base.lproj/LaunchScreen.storyboard; sourceTree = "<group>"; };
		7B305C982132F25500B184F5 /* Info.plist */ = {isa = PBXFileReference; lastKnownFileType = text.plist.xml; path = Info.plist; sourceTree = "<group>"; };
		7B305C9D2132F25500B184F5 /* SpookyHalloweenSoundsTests.xctest */ = {isa = PBXFileReference; explicitFileType = wrapper.cfbundle; includeInIndex = 0; path = SpookyHalloweenSoundsTests.xctest; sourceTree = BUILT_PRODUCTS_DIR; };
		7B305CA12132F25500B184F5 /* SpookyHalloweenSoundsTests.swift */ = {isa = PBXFileReference; lastKnownFileType = sourcecode.swift; path = SpookyHalloweenSoundsTests.swift; sourceTree = "<group>"; };
		7B305CA32132F25500B184F5 /* Info.plist */ = {isa = PBXFileReference; lastKnownFileType = text.plist.xml; path = Info.plist; sourceTree = "<group>"; };
		7B305CA82132F25500B184F5 /* SpookyHalloweenSoundsUITests.xctest */ = {isa = PBXFileReference; explicitFileType = wrapper.cfbundle; includeInIndex = 0; path = SpookyHalloweenSoundsUITests.xctest; sourceTree = BUILT_PRODUCTS_DIR; };
		7B305CAC2132F25500B184F5 /* SpookyHalloweenSoundsUITests.swift */ = {isa = PBXFileReference; lastKnownFileType = sourcecode.swift; path = SpookyHalloweenSoundsUITests.swift; sourceTree = "<group>"; };
		7B305CAE2132F25500B184F5 /* Info.plist */ = {isa = PBXFileReference; lastKnownFileType = text.plist.xml; path = Info.plist; sourceTree = "<group>"; };
		7B987D512133718800743717 /* cat_scream.mp3 */ = {isa = PBXFileReference; lastKnownFileType = audio.mp3; path = cat_scream.mp3; sourceTree = "<group>"; };
		7B987D522133718800743717 /* igor_grumble.mp3 */ = {isa = PBXFileReference; lastKnownFileType = audio.mp3; path = igor_grumble.mp3; sourceTree = "<group>"; };
		7B987D532133718900743717 /* creepy_song.mp3 */ = {isa = PBXFileReference; lastKnownFileType = audio.mp3; path = creepy_song.mp3; sourceTree = "<group>"; };
		7B987D542133718900743717 /* chained_ghoul.wav */ = {isa = PBXFileReference; lastKnownFileType = audio.wav; path = chained_ghoul.wav; sourceTree = "<group>"; };
		7B987D562133718900743717 /* scarecrow.mp3 */ = {isa = PBXFileReference; lastKnownFileType = audio.mp3; path = scarecrow.mp3; sourceTree = "<group>"; };
		7B987D572133718900743717 /* haunted_organ.mp3 */ = {isa = PBXFileReference; lastKnownFileType = audio.mp3; path = haunted_organ.mp3; sourceTree = "<group>"; };
		7B987D582133718900743717 /* warning_bells.mp3 */ = {isa = PBXFileReference; lastKnownFileType = audio.mp3; path = warning_bells.mp3; sourceTree = "<group>"; };
		7B987D592133718900743717 /* chilling_horn.mp3 */ = {isa = PBXFileReference; lastKnownFileType = audio.mp3; path = chilling_horn.mp3; sourceTree = "<group>"; };
		7B987D5A2133718900743717 /* poltergeist_voice.mp3 */ = {isa = PBXFileReference; lastKnownFileType = audio.mp3; path = poltergeist_voice.mp3; sourceTree = "<group>"; };
		7B987D5B2133718A00743717 /* long_mix.mp3 */ = {isa = PBXFileReference; lastKnownFileType = audio.mp3; path = long_mix.mp3; sourceTree = "<group>"; };
		7B987D5C2133718A00743717 /* spooky_owl.wav */ = {isa = PBXFileReference; lastKnownFileType = audio.wav; path = spooky_owl.wav; sourceTree = "<group>"; };
		7B987D5D2133718A00743717 /* witch_laugh.mp3 */ = {isa = PBXFileReference; lastKnownFileType = audio.mp3; path = witch_laugh.mp3; sourceTree = "<group>"; };
		7B987D5E2133718A00743717 /* scary_nursery.mp3 */ = {isa = PBXFileReference; lastKnownFileType = audio.mp3; path = scary_nursery.mp3; sourceTree = "<group>"; };
		7B987D5F2133718A00743717 /* bubbles.wav */ = {isa = PBXFileReference; lastKnownFileType = audio.wav; path = bubbles.wav; sourceTree = "<group>"; };
		7B987D602133718A00743717 /* ghostly_whisper.mp3 */ = {isa = PBXFileReference; lastKnownFileType = audio.mp3; path = ghostly_whisper.mp3; sourceTree = "<group>"; };
		7B987D612133718A00743717 /* werewolf_howl.mp3 */ = {isa = PBXFileReference; lastKnownFileType = audio.mp3; path = werewolf_howl.mp3; sourceTree = "<group>"; };
		7B987D622133718A00743717 /* spooky_chains.mp3 */ = {isa = PBXFileReference; lastKnownFileType = audio.mp3; path = spooky_chains.mp3; sourceTree = "<group>"; };
		7B987D632133718A00743717 /* wolf_cry.mp3 */ = {isa = PBXFileReference; lastKnownFileType = audio.mp3; path = wolf_cry.mp3; sourceTree = "<group>"; };
		7B987D642133718A00743717 /* wraith_wail.wav */ = {isa = PBXFileReference; lastKnownFileType = audio.wav; path = wraith_wail.wav; sourceTree = "<group>"; };
		7B987D652133718A00743717 /* evil_man.mp3 */ = {isa = PBXFileReference; lastKnownFileType = audio.mp3; path = evil_man.mp3; sourceTree = "<group>"; };
		7B987D662133718B00743717 /* zombie_come.mp3 */ = {isa = PBXFileReference; lastKnownFileType = audio.mp3; path = zombie_come.mp3; sourceTree = "<group>"; };
		7B987D672133718B00743717 /* blowing_wind.wav */ = {isa = PBXFileReference; lastKnownFileType = audio.wav; path = blowing_wind.wav; sourceTree = "<group>"; };
		7B987D682133718B00743717 /* monster_growl.mp3 */ = {isa = PBXFileReference; lastKnownFileType = audio.mp3; path = monster_growl.mp3; sourceTree = "<group>"; };
		7B987D692133718B00743717 /* zombie.mp3 */ = {isa = PBXFileReference; lastKnownFileType = audio.mp3; path = zombie.mp3; sourceTree = "<group>"; };
		7B987D6A2133718B00743717 /* black_cat.mp3 */ = {isa = PBXFileReference; lastKnownFileType = audio.mp3; path = black_cat.mp3; sourceTree = "<group>"; };
		7B987D6B2133718B00743717 /* haunted_swamp.mp3 */ = {isa = PBXFileReference; lastKnownFileType = audio.mp3; path = haunted_swamp.mp3; sourceTree = "<group>"; };
		7B987D6D2133718B00743717 /* ultra_terror.mp3 */ = {isa = PBXFileReference; lastKnownFileType = audio.mp3; path = ultra_terror.mp3; sourceTree = "<group>"; };
		7B987D6E2133718C00743717 /* horror_ambience.mp3 */ = {isa = PBXFileReference; lastKnownFileType = audio.mp3; path = horror_ambience.mp3; sourceTree = "<group>"; };
		7B987D6F2133718C00743717 /* knock_knock.mp3 */ = {isa = PBXFileReference; lastKnownFileType = audio.mp3; path = knock_knock.mp3; sourceTree = "<group>"; };
		7B987D702133718C00743717 /* tortured_souls.mp3 */ = {isa = PBXFileReference; lastKnownFileType = audio.mp3; path = tortured_souls.mp3; sourceTree = "<group>"; };
		7B987D712133718C00743717 /* haunted_house.mp3 */ = {isa = PBXFileReference; lastKnownFileType = audio.mp3; path = haunted_house.mp3; sourceTree = "<group>"; };
		7B987D722133718C00743717 /* dracula_laugh.mp3 */ = {isa = PBXFileReference; lastKnownFileType = audio.mp3; path = dracula_laugh.mp3; sourceTree = "<group>"; };
		7B987D732133718C00743717 /* scary_scream.mp3 */ = {isa = PBXFileReference; lastKnownFileType = audio.mp3; path = scary_scream.mp3; sourceTree = "<group>"; };
		7B987D742133718C00743717 /* thunder.mp3 */ = {isa = PBXFileReference; lastKnownFileType = audio.mp3; path = thunder.mp3; sourceTree = "<group>"; };
		7B987D752133718C00743717 /* ghost_boo.mp3 */ = {isa = PBXFileReference; lastKnownFileType = audio.mp3; path = ghost_boo.mp3; sourceTree = "<group>"; };
		7B987D762133718C00743717 /* terrified_scream.mp3 */ = {isa = PBXFileReference; lastKnownFileType = audio.mp3; path = terrified_scream.mp3; sourceTree = "<group>"; };
		7B987D782133718D00743717 /* horror_film.mp3 */ = {isa = PBXFileReference; lastKnownFileType = audio.mp3; path = horror_film.mp3; sourceTree = "<group>"; };
		7B987D792133718D00743717 /* painful_moan.mp3 */ = {isa = PBXFileReference; lastKnownFileType = audio.mp3; path = painful_moan.mp3; sourceTree = "<group>"; };
		7B987D7B2133718D00743717 /* vampire_bat.mp3 */ = {isa = PBXFileReference; lastKnownFileType = audio.mp3; path = vampire_bat.mp3; sourceTree = "<group>"; };
		7B987D7C2133718D00743717 /* creaky_door.mp3 */ = {isa = PBXFileReference; lastKnownFileType = audio.mp3; path = creaky_door.mp3; sourceTree = "<group>"; };
		7B987DD7213371FA00743717 /* bd_logo.png */ = {isa = PBXFileReference; lastKnownFileType = image.png; path = bd_logo.png; sourceTree = "<group>"; };
		7BCD372F213F1C3000B27F54 /* witch_laugh.m4a */ = {isa = PBXFileReference; lastKnownFileType = file; path = witch_laugh.m4a; sourceTree = "<group>"; };
		7BCD3730213F4DBC00B27F54 /* Creepster.ttf */ = {isa = PBXFileReference; lastKnownFileType = file; path = Creepster.ttf; sourceTree = "<group>"; };
		88424C1216665D37FDD9A68E /* Pods-SpookyHalloweenSounds.release.xcconfig */ = {isa = PBXFileReference; includeInIndex = 1; lastKnownFileType = text.xcconfig; name = "Pods-SpookyHalloweenSounds.release.xcconfig"; path = "Target Support Files/Pods-SpookyHalloweenSounds/Pods-SpookyHalloweenSounds.release.xcconfig"; sourceTree = "<group>"; };
		8DC9309724A768B8008C189D /* GoogleService-Info.plist */ = {isa = PBXFileReference; fileEncoding = 4; lastKnownFileType = text.plist.xml; path = "GoogleService-Info.plist"; sourceTree = "<group>"; };
		8DC9309924A76943008C189D /* shining.mp3 */ = {isa = PBXFileReference; lastKnownFileType = audio.mp3; name = shining.mp3; path = "../../../../../Library/Mobile Documents/com~apple~CloudDocs/iCloud Projects/Material/Spooky Halloween Sounds/Sounds/shining.mp3"; sourceTree = "<group>"; };
		8DC9309A24A76943008C189D /* exorcist.mp3 */ = {isa = PBXFileReference; lastKnownFileType = audio.mp3; name = exorcist.mp3; path = "../../../../../Library/Mobile Documents/com~apple~CloudDocs/iCloud Projects/Material/Spooky Halloween Sounds/Sounds/exorcist.mp3"; sourceTree = "<group>"; };
		8DC9309B24A76943008C189D /* halloween.mp3 */ = {isa = PBXFileReference; lastKnownFileType = audio.mp3; name = halloween.mp3; path = "../../../../../Library/Mobile Documents/com~apple~CloudDocs/iCloud Projects/Material/Spooky Halloween Sounds/Sounds/halloween.mp3"; sourceTree = "<group>"; };
		B5549817C05168A8BD8C0042 /* Pods-SpookyHalloweenSounds.debug.xcconfig */ = {isa = PBXFileReference; includeInIndex = 1; lastKnownFileType = text.xcconfig; name = "Pods-SpookyHalloweenSounds.debug.xcconfig"; path = "Target Support Files/Pods-SpookyHalloweenSounds/Pods-SpookyHalloweenSounds.debug.xcconfig"; sourceTree = "<group>"; };
		CC5A0743CCE83A7079B1B572 /* Pods_SpookyHalloweenSounds.framework */ = {isa = PBXFileReference; explicitFileType = wrapper.framework; includeInIndex = 0; path = Pods_SpookyHalloweenSounds.framework; sourceTree = BUILT_PRODUCTS_DIR; };
		E643C4557D38D4F6A4E83706 /* Pods_SpookyHalloweenSoundsTests.framework */ = {isa = PBXFileReference; explicitFileType = wrapper.framework; includeInIndex = 0; path = Pods_SpookyHalloweenSoundsTests.framework; sourceTree = BUILT_PRODUCTS_DIR; };
		F7D0CFB91A07E9484B9C871D /* Pods-SpookyHalloweenSoundsTests.release.xcconfig */ = {isa = PBXFileReference; includeInIndex = 1; lastKnownFileType = text.xcconfig; name = "Pods-SpookyHalloweenSoundsTests.release.xcconfig"; path = "Target Support Files/Pods-SpookyHalloweenSoundsTests/Pods-SpookyHalloweenSoundsTests.release.xcconfig"; sourceTree = "<group>"; };
		F97D34FBC65CCDE2D0658D7E /* Pods-SpookyHalloweenSoundsTests.debug.xcconfig */ = {isa = PBXFileReference; includeInIndex = 1; lastKnownFileType = text.xcconfig; name = "Pods-SpookyHalloweenSoundsTests.debug.xcconfig"; path = "Target Support Files/Pods-SpookyHalloweenSoundsTests/Pods-SpookyHalloweenSoundsTests.debug.xcconfig"; sourceTree = "<group>"; };
		FD631482F5B4176DD8612C5B /* Pods_SpookyHalloweenSounds_SpookyHalloweenSoundsUITests.framework */ = {isa = PBXFileReference; explicitFileType = wrapper.framework; includeInIndex = 0; path = Pods_SpookyHalloweenSounds_SpookyHalloweenSoundsUITests.framework; sourceTree = BUILT_PRODUCTS_DIR; };
/* End PBXFileReference section */

/* Begin PBXFrameworksBuildPhase section */
		7B305C862132F25300B184F5 /* Frameworks */ = {
			isa = PBXFrameworksBuildPhase;
			buildActionMask = 2147483647;
			files = (
				E8FFE8FE8A948434D07C473A /* Pods_SpookyHalloweenSounds.framework in Frameworks */,
			);
			runOnlyForDeploymentPostprocessing = 0;
		};
		7B305C9A2132F25500B184F5 /* Frameworks */ = {
			isa = PBXFrameworksBuildPhase;
			buildActionMask = 2147483647;
			files = (
				AD583B6F824133B718C288AB /* Pods_SpookyHalloweenSoundsTests.framework in Frameworks */,
			);
			runOnlyForDeploymentPostprocessing = 0;
		};
		7B305CA52132F25500B184F5 /* Frameworks */ = {
			isa = PBXFrameworksBuildPhase;
			buildActionMask = 2147483647;
			files = (
				D6E26D5A4B2B600966CABAA5 /* Pods_SpookyHalloweenSounds_SpookyHalloweenSoundsUITests.framework in Frameworks */,
			);
			runOnlyForDeploymentPostprocessing = 0;
		};
/* End PBXFrameworksBuildPhase section */

/* Begin PBXGroup section */
		7B305C802132F25300B184F5 = {
			isa = PBXGroup;
			children = (
				7B305C8B2132F25300B184F5 /* SpookyHalloweenSounds */,
				7B305CA02132F25500B184F5 /* SpookyHalloweenSoundsTests */,
				7B305CAB2132F25500B184F5 /* SpookyHalloweenSoundsUITests */,
				7B305C8A2132F25300B184F5 /* Products */,
				F3A2236FE0EDE91A0BAAF736 /* Pods */,
				9607FA2F19C1477936D0F4B7 /* Frameworks */,
			);
			sourceTree = "<group>";
		};
		7B305C8A2132F25300B184F5 /* Products */ = {
			isa = PBXGroup;
			children = (
				7B305C892132F25300B184F5 /* Halloween.app */,
				7B305C9D2132F25500B184F5 /* SpookyHalloweenSoundsTests.xctest */,
				7B305CA82132F25500B184F5 /* SpookyHalloweenSoundsUITests.xctest */,
			);
			name = Products;
			sourceTree = "<group>";
		};
		7B305C8B2132F25300B184F5 /* SpookyHalloweenSounds */ = {
			isa = PBXGroup;
			children = (
				7B305C932132F25500B184F5 /* Assets.xcassets */,
				7B305CBF21336D5500B184F5 /* Fonts */,
				7B305CBC2132F9FD00B184F5 /* Images */,
				7B305CBB2132F9F300B184F5 /* Audio */,
				7B305C8C2132F25300B184F5 /* AppDelegate.swift */,
				7B305C8E2132F25300B184F5 /* ViewController.swift */,
				14357AB4234A8C2F00D9B0D3 /* HiddenViewController.swift */,
				14FE01E3248B260A00E1B0B0 /* LongMixViewController.swift */,
				1447250A248C1EF600A27662 /* HorrorMovieViewController.swift */,
				14357AB2234A8B1200D9B0D3 /* AboutViewController.swift */,
				1451D9FD24925F920094053E /* PulseAnimation.swift */,
				1451DA0524958B9F0094053E /* PulseAnimation2.swift */,
				040F5D8924CDB5BB004BE726 /* BatAnimatonController.swift */,
				1451DA03249589630094053E /* NoHighlightButton.swift */,
				1451DA07249592BB0094053E /* HapticFeedback.swift */,
				1451D9F924925CE20094053E /* Colors.swift */,
				7B305C902132F25300B184F5 /* Main.storyboard */,
				7B305C952132F25500B184F5 /* LaunchScreen.storyboard */,
				8DC9309724A768B8008C189D /* GoogleService-Info.plist */,
				7B305C982132F25500B184F5 /* Info.plist */,
				140E733E216AC5CC00E653D0 /* SpookyHalloweenSounds.entitlements */,
			);
			path = SpookyHalloweenSounds;
			sourceTree = "<group>";
		};
		7B305CA02132F25500B184F5 /* SpookyHalloweenSoundsTests */ = {
			isa = PBXGroup;
			children = (
				7B305CA12132F25500B184F5 /* SpookyHalloweenSoundsTests.swift */,
				7B305CA32132F25500B184F5 /* Info.plist */,
			);
			path = SpookyHalloweenSoundsTests;
			sourceTree = "<group>";
		};
		7B305CAB2132F25500B184F5 /* SpookyHalloweenSoundsUITests */ = {
			isa = PBXGroup;
			children = (
				7B305CAC2132F25500B184F5 /* SpookyHalloweenSoundsUITests.swift */,
				7B305CAE2132F25500B184F5 /* Info.plist */,
			);
			path = SpookyHalloweenSoundsUITests;
			sourceTree = "<group>";
		};
		7B305CBB2132F9F300B184F5 /* Audio */ = {
			isa = PBXGroup;
			children = (
				8DC9309A24A76943008C189D /* exorcist.mp3 */,
				8DC9309B24A76943008C189D /* halloween.mp3 */,
				8DC9309924A76943008C189D /* shining.mp3 */,
				14ED5BF3249960CF00D11869 /* vorhees.mp3 */,
				1451D9FB24925D320094053E /* elm_street.mp3 */,
				14472518248C306A00A27662 /* monster_walking.mp3 */,
				1441C99B2482CE5800EF2586 /* cries_from_hell.mp3 */,
				1455C2B4234E8AD60053D99C /* space_terror.mp3 */,
				14472516248C244600A27662 /* dont_let_in.mp3 */,
				14995ACA234AA6350042E5F1 /* the_old_tape.mp3 */,
				14995AC8234AA6220042E5F1 /* the_ghost_song.mp3 */,
				7BCD372F213F1C3000B27F54 /* witch_laugh.m4a */,
				7B05DEA52139EAF100BAC058 /* chilling_cries.mp3 */,
				7B987D6A2133718B00743717 /* black_cat.mp3 */,
				7B987D672133718B00743717 /* blowing_wind.wav */,
				7B987D5F2133718A00743717 /* bubbles.wav */,
				7B987D512133718800743717 /* cat_scream.mp3 */,
				7B987D542133718900743717 /* chained_ghoul.wav */,
				7B987D592133718900743717 /* chilling_horn.mp3 */,
				7B987D7C2133718D00743717 /* creaky_door.mp3 */,
				7B987D532133718900743717 /* creepy_song.mp3 */,
				7B987D722133718C00743717 /* dracula_laugh.mp3 */,
				7B987D652133718A00743717 /* evil_man.mp3 */,
				7B987D752133718C00743717 /* ghost_boo.mp3 */,
				7B987D602133718A00743717 /* ghostly_whisper.mp3 */,
				7B987D712133718C00743717 /* haunted_house.mp3 */,
				7B987D572133718900743717 /* haunted_organ.mp3 */,
				7B987D6B2133718B00743717 /* haunted_swamp.mp3 */,
				7B987D6E2133718C00743717 /* horror_ambience.mp3 */,
				7B987D782133718D00743717 /* horror_film.mp3 */,
				7B987D522133718800743717 /* igor_grumble.mp3 */,
				7B987D6F2133718C00743717 /* knock_knock.mp3 */,
				7B987D5B2133718A00743717 /* long_mix.mp3 */,
				7B987D682133718B00743717 /* monster_growl.mp3 */,
				7B987D792133718D00743717 /* painful_moan.mp3 */,
				7B987D5A2133718900743717 /* poltergeist_voice.mp3 */,
				7B987D562133718900743717 /* scarecrow.mp3 */,
				7B987D5E2133718A00743717 /* scary_nursery.mp3 */,
				7B987D732133718C00743717 /* scary_scream.mp3 */,
				7B987D622133718A00743717 /* spooky_chains.mp3 */,
				7B987D5C2133718A00743717 /* spooky_owl.wav */,
				7B987D762133718C00743717 /* terrified_scream.mp3 */,
				7B987D742133718C00743717 /* thunder.mp3 */,
				7B987D702133718C00743717 /* tortured_souls.mp3 */,
				7B987D6D2133718B00743717 /* ultra_terror.mp3 */,
				7B987D7B2133718D00743717 /* vampire_bat.mp3 */,
				7B987D582133718900743717 /* warning_bells.mp3 */,
				7B987D612133718A00743717 /* werewolf_howl.mp3 */,
				7B987D5D2133718A00743717 /* witch_laugh.mp3 */,
				7B987D632133718A00743717 /* wolf_cry.mp3 */,
				7B987D642133718A00743717 /* wraith_wail.wav */,
				7B987D662133718B00743717 /* zombie_come.mp3 */,
				7B987D692133718B00743717 /* zombie.mp3 */,
			);
			path = Audio;
			sourceTree = "<group>";
		};
		7B305CBC2132F9FD00B184F5 /* Images */ = {
			isa = PBXGroup;
			children = (
				0476EC62250D3CA6007ED260 /* eyes_orange.png */,
				0476EC5F250D3BCB007ED260 /* peak.png */,
				14FE01E1248B1CE900E1B0B0 /* titlebar_image_smaller.png */,
				14FE01DF248B0F6400E1B0B0 /* titlebar_image.png */,
				148A187B2360F8BC00CA2493 /* orange_skull.png */,
				14357AB0234A196700D9B0D3 /* tab_logo.png */,
				14357AAE234949CA00D9B0D3 /* bosson_full_logo.PNG */,
				7B05DEA32137665A00BAC058 /* graveyard.png */,
				7B987DD7213371FA00743717 /* bd_logo.png */,
			);
			path = Images;
			sourceTree = "<group>";
		};
		7B305CBF21336D5500B184F5 /* Fonts */ = {
			isa = PBXGroup;
			children = (
				7BCD3730213F4DBC00B27F54 /* Creepster.ttf */,
			);
			path = Fonts;
			sourceTree = "<group>";
		};
		9607FA2F19C1477936D0F4B7 /* Frameworks */ = {
			isa = PBXGroup;
			children = (
				CC5A0743CCE83A7079B1B572 /* Pods_SpookyHalloweenSounds.framework */,
				FD631482F5B4176DD8612C5B /* Pods_SpookyHalloweenSounds_SpookyHalloweenSoundsUITests.framework */,
				E643C4557D38D4F6A4E83706 /* Pods_SpookyHalloweenSoundsTests.framework */,
			);
			name = Frameworks;
			sourceTree = "<group>";
		};
		F3A2236FE0EDE91A0BAAF736 /* Pods */ = {
			isa = PBXGroup;
			children = (
				B5549817C05168A8BD8C0042 /* Pods-SpookyHalloweenSounds.debug.xcconfig */,
				88424C1216665D37FDD9A68E /* Pods-SpookyHalloweenSounds.release.xcconfig */,
				09A1184FFF06698EA51E5920 /* Pods-SpookyHalloweenSounds-SpookyHalloweenSoundsUITests.debug.xcconfig */,
				657E2B627565A6A319342E84 /* Pods-SpookyHalloweenSounds-SpookyHalloweenSoundsUITests.release.xcconfig */,
				F97D34FBC65CCDE2D0658D7E /* Pods-SpookyHalloweenSoundsTests.debug.xcconfig */,
				F7D0CFB91A07E9484B9C871D /* Pods-SpookyHalloweenSoundsTests.release.xcconfig */,
			);
			path = Pods;
			sourceTree = "<group>";
		};
/* End PBXGroup section */

/* Begin PBXNativeTarget section */
		7B305C882132F25300B184F5 /* SpookyHalloweenSounds */ = {
			isa = PBXNativeTarget;
			buildConfigurationList = 7B305CB12132F25500B184F5 /* Build configuration list for PBXNativeTarget "SpookyHalloweenSounds" */;
			buildPhases = (
				31864E261531EF8FCD04A365 /* [CP] Check Pods Manifest.lock */,
				7B305C852132F25300B184F5 /* Sources */,
				7B305C862132F25300B184F5 /* Frameworks */,
				7B305C872132F25300B184F5 /* Resources */,
				68D361EB30BD873A30766CC3 /* [CP] Embed Pods Frameworks */,
			);
			buildRules = (
			);
			dependencies = (
			);
			name = SpookyHalloweenSounds;
			productName = SpookyHalloweenSounds;
			productReference = 7B305C892132F25300B184F5 /* Halloween.app */;
			productType = "com.apple.product-type.application";
		};
		7B305C9C2132F25500B184F5 /* SpookyHalloweenSoundsTests */ = {
			isa = PBXNativeTarget;
			buildConfigurationList = 7B305CB42132F25500B184F5 /* Build configuration list for PBXNativeTarget "SpookyHalloweenSoundsTests" */;
			buildPhases = (
				91681075B22C3D570370337F /* [CP] Check Pods Manifest.lock */,
				7B305C992132F25500B184F5 /* Sources */,
				7B305C9A2132F25500B184F5 /* Frameworks */,
				7B305C9B2132F25500B184F5 /* Resources */,
			);
			buildRules = (
			);
			dependencies = (
				7B305C9F2132F25500B184F5 /* PBXTargetDependency */,
			);
			name = SpookyHalloweenSoundsTests;
			productName = SpookyHalloweenSoundsTests;
			productReference = 7B305C9D2132F25500B184F5 /* SpookyHalloweenSoundsTests.xctest */;
			productType = "com.apple.product-type.bundle.unit-test";
		};
		7B305CA72132F25500B184F5 /* SpookyHalloweenSoundsUITests */ = {
			isa = PBXNativeTarget;
			buildConfigurationList = 7B305CB72132F25500B184F5 /* Build configuration list for PBXNativeTarget "SpookyHalloweenSoundsUITests" */;
			buildPhases = (
				6C01DDBB2B0872D853BDF72C /* [CP] Check Pods Manifest.lock */,
				7B305CA42132F25500B184F5 /* Sources */,
				7B305CA52132F25500B184F5 /* Frameworks */,
				7B305CA62132F25500B184F5 /* Resources */,
				D7D9D9A78B252D270F191656 /* [CP] Embed Pods Frameworks */,
			);
			buildRules = (
			);
			dependencies = (
				7B305CAA2132F25500B184F5 /* PBXTargetDependency */,
			);
			name = SpookyHalloweenSoundsUITests;
			productName = SpookyHalloweenSoundsUITests;
			productReference = 7B305CA82132F25500B184F5 /* SpookyHalloweenSoundsUITests.xctest */;
			productType = "com.apple.product-type.bundle.ui-testing";
		};
/* End PBXNativeTarget section */

/* Begin PBXProject section */
		7B305C812132F25300B184F5 /* Project object */ = {
			isa = PBXProject;
			attributes = {
				LastSwiftUpdateCheck = 0940;
				LastUpgradeCheck = 0940;
				ORGANIZATIONNAME = "Bosson Design";
				TargetAttributes = {
					7B305C882132F25300B184F5 = {
						CreatedOnToolsVersion = 9.4.1;
						LastSwiftMigration = 1030;
						SystemCapabilities = {
							com.apple.BackgroundModes = {
								enabled = 1;
							};
							com.apple.Push = {
								enabled = 1;
							};
						};
					};
					7B305C9C2132F25500B184F5 = {
						CreatedOnToolsVersion = 9.4.1;
						LastSwiftMigration = 1030;
						TestTargetID = 7B305C882132F25300B184F5;
					};
					7B305CA72132F25500B184F5 = {
						CreatedOnToolsVersion = 9.4.1;
						LastSwiftMigration = 1030;
						TestTargetID = 7B305C882132F25300B184F5;
					};
				};
			};
			buildConfigurationList = 7B305C842132F25300B184F5 /* Build configuration list for PBXProject "SpookyHalloweenSounds" */;
			compatibilityVersion = "Xcode 10.0";
			developmentRegion = en;
			hasScannedForEncodings = 0;
			knownRegions = (
				en,
				Base,
			);
			mainGroup = 7B305C802132F25300B184F5;
			productRefGroup = 7B305C8A2132F25300B184F5 /* Products */;
			projectDirPath = "";
			projectRoot = "";
			targets = (
				7B305C882132F25300B184F5 /* SpookyHalloweenSounds */,
				7B305C9C2132F25500B184F5 /* SpookyHalloweenSoundsTests */,
				7B305CA72132F25500B184F5 /* SpookyHalloweenSoundsUITests */,
			);
		};
/* End PBXProject section */

/* Begin PBXResourcesBuildPhase section */
		7B305C872132F25300B184F5 /* Resources */ = {
			isa = PBXResourcesBuildPhase;
			buildActionMask = 2147483647;
			files = (
				7B305C972132F25500B184F5 /* LaunchScreen.storyboard in Resources */,
				7B987D9E2133718D00743717 /* haunted_house.mp3 in Resources */,
				14FE01E0248B0F6400E1B0B0 /* titlebar_image.png in Resources */,
				8DC9309D24A76943008C189D /* exorcist.mp3 in Resources */,
				8DC9309E24A76943008C189D /* halloween.mp3 in Resources */,
				7B987D832133718D00743717 /* scarecrow.mp3 in Resources */,
				7B987D8F2133718D00743717 /* spooky_chains.mp3 in Resources */,
				1441C99C2482CE5900EF2586 /* cries_from_hell.mp3 in Resources */,
				7B987D952133718D00743717 /* monster_growl.mp3 in Resources */,
				7B987DA22133718D00743717 /* ghost_boo.mp3 in Resources */,
				7B987DA52133718D00743717 /* horror_film.mp3 in Resources */,
				7B987D9C2133718D00743717 /* knock_knock.mp3 in Resources */,
				7B987DA92133718D00743717 /* creaky_door.mp3 in Resources */,
				7B987D842133718D00743717 /* haunted_organ.mp3 in Resources */,
				7B987D972133718D00743717 /* black_cat.mp3 in Resources */,
				1451D9FC24925D320094053E /* elm_street.mp3 in Resources */,
				0476EC60250D3BCC007ED260 /* peak.png in Resources */,
				7B305C942132F25500B184F5 /* Assets.xcassets in Resources */,
				7B987D872133718D00743717 /* poltergeist_voice.mp3 in Resources */,
				7B987D9F2133718D00743717 /* dracula_laugh.mp3 in Resources */,
				7B987D902133718D00743717 /* wolf_cry.mp3 in Resources */,
				14995ACB234AA6350042E5F1 /* the_old_tape.mp3 in Resources */,
				7B987D8C2133718D00743717 /* bubbles.wav in Resources */,
				14B6D7A9216A4CC000DAAAE4 /* Creepster.ttf in Resources */,
				7B987DA62133718D00743717 /* painful_moan.mp3 in Resources */,
				148A187C2360F8BD00CA2493 /* orange_skull.png in Resources */,
				7B987D8B2133718D00743717 /* scary_nursery.mp3 in Resources */,
				8DC9309824A768B8008C189D /* GoogleService-Info.plist in Resources */,
				14ED5BF4249960CF00D11869 /* vorhees.mp3 in Resources */,
				7B987D9B2133718D00743717 /* horror_ambience.mp3 in Resources */,
				7B987D802133718D00743717 /* creepy_song.mp3 in Resources */,
				7B987DA02133718D00743717 /* scary_scream.mp3 in Resources */,
				7B987DA32133718D00743717 /* terrified_scream.mp3 in Resources */,
				8DC9309C24A76943008C189D /* shining.mp3 in Resources */,
				14472519248C306A00A27662 /* monster_walking.mp3 in Resources */,
				7B987E05213371FA00743717 /* bd_logo.png in Resources */,
				7B987D882133718D00743717 /* long_mix.mp3 in Resources */,
				7B987D7F2133718D00743717 /* igor_grumble.mp3 in Resources */,
				7B987D7E2133718D00743717 /* cat_scream.mp3 in Resources */,
				14357AB1234A196700D9B0D3 /* tab_logo.png in Resources */,
				7B987D8A2133718D00743717 /* witch_laugh.mp3 in Resources */,
				1455C2B5234E8AD60053D99C /* space_terror.mp3 in Resources */,
				7B05DEA62139EAF200BAC058 /* chilling_cries.mp3 in Resources */,
				7B987D962133718D00743717 /* zombie.mp3 in Resources */,
				14FE01E2248B1CE900E1B0B0 /* titlebar_image_smaller.png in Resources */,
				14995AC9234AA6220042E5F1 /* the_ghost_song.mp3 in Resources */,
				7B987D922133718D00743717 /* evil_man.mp3 in Resources */,
				7B305C922132F25300B184F5 /* Main.storyboard in Resources */,
				7B987DA12133718D00743717 /* thunder.mp3 in Resources */,
				7B987D852133718D00743717 /* warning_bells.mp3 in Resources */,
				7B987D892133718D00743717 /* spooky_owl.wav in Resources */,
				7B987D932133718D00743717 /* zombie_come.mp3 in Resources */,
				7B987D8D2133718D00743717 /* ghostly_whisper.mp3 in Resources */,
				14472517248C244600A27662 /* dont_let_in.mp3 in Resources */,
				14357AAF234949CA00D9B0D3 /* bosson_full_logo.PNG in Resources */,
				7B987D9D2133718D00743717 /* tortured_souls.mp3 in Resources */,
				7B05DEA42137665B00BAC058 /* graveyard.png in Resources */,
				0476EC64250D3CA6007ED260 /* eyes_orange.png in Resources */,
				7B987D812133718D00743717 /* chained_ghoul.wav in Resources */,
				7B987DA82133718D00743717 /* vampire_bat.mp3 in Resources */,
				7B987D912133718D00743717 /* wraith_wail.wav in Resources */,
				7B987D862133718D00743717 /* chilling_horn.mp3 in Resources */,
				7B987D8E2133718D00743717 /* werewolf_howl.mp3 in Resources */,
				7B987D9A2133718D00743717 /* ultra_terror.mp3 in Resources */,
				7B987D942133718D00743717 /* blowing_wind.wav in Resources */,
				7B987D982133718D00743717 /* haunted_swamp.mp3 in Resources */,
			);
			runOnlyForDeploymentPostprocessing = 0;
		};
		7B305C9B2132F25500B184F5 /* Resources */ = {
			isa = PBXResourcesBuildPhase;
			buildActionMask = 2147483647;
			files = (
			);
			runOnlyForDeploymentPostprocessing = 0;
		};
		7B305CA62132F25500B184F5 /* Resources */ = {
			isa = PBXResourcesBuildPhase;
			buildActionMask = 2147483647;
			files = (
			);
			runOnlyForDeploymentPostprocessing = 0;
		};
/* End PBXResourcesBuildPhase section */

/* Begin PBXShellScriptBuildPhase section */
		31864E261531EF8FCD04A365 /* [CP] Check Pods Manifest.lock */ = {
			isa = PBXShellScriptBuildPhase;
			buildActionMask = 2147483647;
			files = (
			);
			inputFileListPaths = (
			);
			inputPaths = (
				"${PODS_PODFILE_DIR_PATH}/Podfile.lock",
				"${PODS_ROOT}/Manifest.lock",
			);
			name = "[CP] Check Pods Manifest.lock";
			outputFileListPaths = (
			);
			outputPaths = (
				"$(DERIVED_FILE_DIR)/Pods-SpookyHalloweenSounds-checkManifestLockResult.txt",
			);
			runOnlyForDeploymentPostprocessing = 0;
			shellPath = /bin/sh;
			shellScript = "diff \"${PODS_PODFILE_DIR_PATH}/Podfile.lock\" \"${PODS_ROOT}/Manifest.lock\" > /dev/null\nif [ $? != 0 ] ; then\n    # print error to STDERR\n    echo \"error: The sandbox is not in sync with the Podfile.lock. Run 'pod install' or update your CocoaPods installation.\" >&2\n    exit 1\nfi\n# This output is used by Xcode 'outputs' to avoid re-running this script phase.\necho \"SUCCESS\" > \"${SCRIPT_OUTPUT_FILE_0}\"\n";
			showEnvVarsInLog = 0;
		};
		68D361EB30BD873A30766CC3 /* [CP] Embed Pods Frameworks */ = {
			isa = PBXShellScriptBuildPhase;
			buildActionMask = 2147483647;
			files = (
			);
			inputFileListPaths = (
				"${PODS_ROOT}/Target Support Files/Pods-SpookyHalloweenSounds/Pods-SpookyHalloweenSounds-frameworks-${CONFIGURATION}-input-files.xcfilelist",
			);
			name = "[CP] Embed Pods Frameworks";
			outputFileListPaths = (
				"${PODS_ROOT}/Target Support Files/Pods-SpookyHalloweenSounds/Pods-SpookyHalloweenSounds-frameworks-${CONFIGURATION}-output-files.xcfilelist",
			);
			runOnlyForDeploymentPostprocessing = 0;
			shellPath = /bin/sh;
			shellScript = "\"${PODS_ROOT}/Target Support Files/Pods-SpookyHalloweenSounds/Pods-SpookyHalloweenSounds-frameworks.sh\"\n";
			showEnvVarsInLog = 0;
		};
		6C01DDBB2B0872D853BDF72C /* [CP] Check Pods Manifest.lock */ = {
			isa = PBXShellScriptBuildPhase;
			buildActionMask = 2147483647;
			files = (
			);
			inputFileListPaths = (
			);
			inputPaths = (
				"${PODS_PODFILE_DIR_PATH}/Podfile.lock",
				"${PODS_ROOT}/Manifest.lock",
			);
			name = "[CP] Check Pods Manifest.lock";
			outputFileListPaths = (
			);
			outputPaths = (
				"$(DERIVED_FILE_DIR)/Pods-SpookyHalloweenSounds-SpookyHalloweenSoundsUITests-checkManifestLockResult.txt",
			);
			runOnlyForDeploymentPostprocessing = 0;
			shellPath = /bin/sh;
			shellScript = "diff \"${PODS_PODFILE_DIR_PATH}/Podfile.lock\" \"${PODS_ROOT}/Manifest.lock\" > /dev/null\nif [ $? != 0 ] ; then\n    # print error to STDERR\n    echo \"error: The sandbox is not in sync with the Podfile.lock. Run 'pod install' or update your CocoaPods installation.\" >&2\n    exit 1\nfi\n# This output is used by Xcode 'outputs' to avoid re-running this script phase.\necho \"SUCCESS\" > \"${SCRIPT_OUTPUT_FILE_0}\"\n";
			showEnvVarsInLog = 0;
		};
		91681075B22C3D570370337F /* [CP] Check Pods Manifest.lock */ = {
			isa = PBXShellScriptBuildPhase;
			buildActionMask = 2147483647;
			files = (
			);
			inputFileListPaths = (
			);
			inputPaths = (
				"${PODS_PODFILE_DIR_PATH}/Podfile.lock",
				"${PODS_ROOT}/Manifest.lock",
			);
			name = "[CP] Check Pods Manifest.lock";
			outputFileListPaths = (
			);
			outputPaths = (
				"$(DERIVED_FILE_DIR)/Pods-SpookyHalloweenSoundsTests-checkManifestLockResult.txt",
			);
			runOnlyForDeploymentPostprocessing = 0;
			shellPath = /bin/sh;
			shellScript = "diff \"${PODS_PODFILE_DIR_PATH}/Podfile.lock\" \"${PODS_ROOT}/Manifest.lock\" > /dev/null\nif [ $? != 0 ] ; then\n    # print error to STDERR\n    echo \"error: The sandbox is not in sync with the Podfile.lock. Run 'pod install' or update your CocoaPods installation.\" >&2\n    exit 1\nfi\n# This output is used by Xcode 'outputs' to avoid re-running this script phase.\necho \"SUCCESS\" > \"${SCRIPT_OUTPUT_FILE_0}\"\n";
			showEnvVarsInLog = 0;
		};
		D7D9D9A78B252D270F191656 /* [CP] Embed Pods Frameworks */ = {
			isa = PBXShellScriptBuildPhase;
			buildActionMask = 2147483647;
			files = (
			);
			inputFileListPaths = (
				"${PODS_ROOT}/Target Support Files/Pods-SpookyHalloweenSounds-SpookyHalloweenSoundsUITests/Pods-SpookyHalloweenSounds-SpookyHalloweenSoundsUITests-frameworks-${CONFIGURATION}-input-files.xcfilelist",
			);
			name = "[CP] Embed Pods Frameworks";
			outputFileListPaths = (
				"${PODS_ROOT}/Target Support Files/Pods-SpookyHalloweenSounds-SpookyHalloweenSoundsUITests/Pods-SpookyHalloweenSounds-SpookyHalloweenSoundsUITests-frameworks-${CONFIGURATION}-output-files.xcfilelist",
			);
			runOnlyForDeploymentPostprocessing = 0;
			shellPath = /bin/sh;
			shellScript = "\"${PODS_ROOT}/Target Support Files/Pods-SpookyHalloweenSounds-SpookyHalloweenSoundsUITests/Pods-SpookyHalloweenSounds-SpookyHalloweenSoundsUITests-frameworks.sh\"\n";
			showEnvVarsInLog = 0;
		};
/* End PBXShellScriptBuildPhase section */

/* Begin PBXSourcesBuildPhase section */
		7B305C852132F25300B184F5 /* Sources */ = {
			isa = PBXSourcesBuildPhase;
			buildActionMask = 2147483647;
			files = (
				14357AB5234A8C2F00D9B0D3 /* HiddenViewController.swift in Sources */,
				1451D9FA24925CE20094053E /* Colors.swift in Sources */,
				1451DA08249592BB0094053E /* HapticFeedback.swift in Sources */,
				1451DA04249589630094053E /* NoHighlightButton.swift in Sources */,
				040F5D8A24CDB5BB004BE726 /* BatAnimatonController.swift in Sources */,
				1447250B248C1EF600A27662 /* HorrorMovieViewController.swift in Sources */,
				14FE01E4248B260A00E1B0B0 /* LongMixViewController.swift in Sources */,
				1451DA0624958B9F0094053E /* PulseAnimation2.swift in Sources */,
				14357AB3234A8B1200D9B0D3 /* AboutViewController.swift in Sources */,
				7B305C8F2132F25300B184F5 /* ViewController.swift in Sources */,
				1451D9FE24925F920094053E /* PulseAnimation.swift in Sources */,
				7B305C8D2132F25300B184F5 /* AppDelegate.swift in Sources */,
			);
			runOnlyForDeploymentPostprocessing = 0;
		};
		7B305C992132F25500B184F5 /* Sources */ = {
			isa = PBXSourcesBuildPhase;
			buildActionMask = 2147483647;
			files = (
				7B305CA22132F25500B184F5 /* SpookyHalloweenSoundsTests.swift in Sources */,
			);
			runOnlyForDeploymentPostprocessing = 0;
		};
		7B305CA42132F25500B184F5 /* Sources */ = {
			isa = PBXSourcesBuildPhase;
			buildActionMask = 2147483647;
			files = (
				7B305CAD2132F25500B184F5 /* SpookyHalloweenSoundsUITests.swift in Sources */,
			);
			runOnlyForDeploymentPostprocessing = 0;
		};
/* End PBXSourcesBuildPhase section */

/* Begin PBXTargetDependency section */
		7B305C9F2132F25500B184F5 /* PBXTargetDependency */ = {
			isa = PBXTargetDependency;
			target = 7B305C882132F25300B184F5 /* SpookyHalloweenSounds */;
			targetProxy = 7B305C9E2132F25500B184F5 /* PBXContainerItemProxy */;
		};
		7B305CAA2132F25500B184F5 /* PBXTargetDependency */ = {
			isa = PBXTargetDependency;
			target = 7B305C882132F25300B184F5 /* SpookyHalloweenSounds */;
			targetProxy = 7B305CA92132F25500B184F5 /* PBXContainerItemProxy */;
		};
/* End PBXTargetDependency section */

/* Begin PBXVariantGroup section */
		7B305C902132F25300B184F5 /* Main.storyboard */ = {
			isa = PBXVariantGroup;
			children = (
				7B305C912132F25300B184F5 /* Base */,
			);
			name = Main.storyboard;
			sourceTree = "<group>";
		};
		7B305C952132F25500B184F5 /* LaunchScreen.storyboard */ = {
			isa = PBXVariantGroup;
			children = (
				7B305C962132F25500B184F5 /* Base */,
			);
			name = LaunchScreen.storyboard;
			sourceTree = "<group>";
		};
/* End PBXVariantGroup section */

/* Begin XCBuildConfiguration section */
		7B305CAF2132F25500B184F5 /* Debug */ = {
			isa = XCBuildConfiguration;
			buildSettings = {
				ALWAYS_SEARCH_USER_PATHS = NO;
				CLANG_ANALYZER_NONNULL = YES;
				CLANG_ANALYZER_NUMBER_OBJECT_CONVERSION = YES_AGGRESSIVE;
				CLANG_CXX_LANGUAGE_STANDARD = "gnu++14";
				CLANG_CXX_LIBRARY = "libc++";
				CLANG_ENABLE_MODULES = YES;
				CLANG_ENABLE_OBJC_ARC = YES;
				CLANG_ENABLE_OBJC_WEAK = YES;
				CLANG_WARN_BLOCK_CAPTURE_AUTORELEASING = YES;
				CLANG_WARN_BOOL_CONVERSION = YES;
				CLANG_WARN_COMMA = YES;
				CLANG_WARN_CONSTANT_CONVERSION = YES;
				CLANG_WARN_DEPRECATED_OBJC_IMPLEMENTATIONS = YES;
				CLANG_WARN_DIRECT_OBJC_ISA_USAGE = YES_ERROR;
				CLANG_WARN_DOCUMENTATION_COMMENTS = YES;
				CLANG_WARN_EMPTY_BODY = YES;
				CLANG_WARN_ENUM_CONVERSION = YES;
				CLANG_WARN_INFINITE_RECURSION = YES;
				CLANG_WARN_INT_CONVERSION = YES;
				CLANG_WARN_NON_LITERAL_NULL_CONVERSION = YES;
				CLANG_WARN_OBJC_IMPLICIT_RETAIN_SELF = YES;
				CLANG_WARN_OBJC_LITERAL_CONVERSION = YES;
				CLANG_WARN_OBJC_ROOT_CLASS = YES_ERROR;
				CLANG_WARN_RANGE_LOOP_ANALYSIS = YES;
				CLANG_WARN_STRICT_PROTOTYPES = YES;
				CLANG_WARN_SUSPICIOUS_MOVE = YES;
				CLANG_WARN_UNGUARDED_AVAILABILITY = YES_AGGRESSIVE;
				CLANG_WARN_UNREACHABLE_CODE = YES;
				CLANG_WARN__DUPLICATE_METHOD_MATCH = YES;
				CODE_SIGN_IDENTITY = "iPhone Developer";
				COPY_PHASE_STRIP = NO;
				DEBUG_INFORMATION_FORMAT = dwarf;
				ENABLE_STRICT_OBJC_MSGSEND = YES;
				ENABLE_TESTABILITY = YES;
				GCC_C_LANGUAGE_STANDARD = gnu11;
				GCC_DYNAMIC_NO_PIC = NO;
				GCC_NO_COMMON_BLOCKS = YES;
				GCC_OPTIMIZATION_LEVEL = 0;
				GCC_PREPROCESSOR_DEFINITIONS = (
					"DEBUG=1",
					"$(inherited)",
				);
				GCC_WARN_64_TO_32_BIT_CONVERSION = YES;
				GCC_WARN_ABOUT_RETURN_TYPE = YES_ERROR;
				GCC_WARN_UNDECLARED_SELECTOR = YES;
				GCC_WARN_UNINITIALIZED_AUTOS = YES_AGGRESSIVE;
				GCC_WARN_UNUSED_FUNCTION = YES;
				GCC_WARN_UNUSED_VARIABLE = YES;
				IPHONEOS_DEPLOYMENT_TARGET = 11.4;
				MTL_ENABLE_DEBUG_INFO = YES;
				ONLY_ACTIVE_ARCH = YES;
				SDKROOT = iphoneos;
				SWIFT_ACTIVE_COMPILATION_CONDITIONS = DEBUG;
				SWIFT_OPTIMIZATION_LEVEL = "-Onone";
			};
			name = Debug;
		};
		7B305CB02132F25500B184F5 /* Release */ = {
			isa = XCBuildConfiguration;
			buildSettings = {
				ALWAYS_SEARCH_USER_PATHS = NO;
				CLANG_ANALYZER_NONNULL = YES;
				CLANG_ANALYZER_NUMBER_OBJECT_CONVERSION = YES_AGGRESSIVE;
				CLANG_CXX_LANGUAGE_STANDARD = "gnu++14";
				CLANG_CXX_LIBRARY = "libc++";
				CLANG_ENABLE_MODULES = YES;
				CLANG_ENABLE_OBJC_ARC = YES;
				CLANG_ENABLE_OBJC_WEAK = YES;
				CLANG_WARN_BLOCK_CAPTURE_AUTORELEASING = YES;
				CLANG_WARN_BOOL_CONVERSION = YES;
				CLANG_WARN_COMMA = YES;
				CLANG_WARN_CONSTANT_CONVERSION = YES;
				CLANG_WARN_DEPRECATED_OBJC_IMPLEMENTATIONS = YES;
				CLANG_WARN_DIRECT_OBJC_ISA_USAGE = YES_ERROR;
				CLANG_WARN_DOCUMENTATION_COMMENTS = YES;
				CLANG_WARN_EMPTY_BODY = YES;
				CLANG_WARN_ENUM_CONVERSION = YES;
				CLANG_WARN_INFINITE_RECURSION = YES;
				CLANG_WARN_INT_CONVERSION = YES;
				CLANG_WARN_NON_LITERAL_NULL_CONVERSION = YES;
				CLANG_WARN_OBJC_IMPLICIT_RETAIN_SELF = YES;
				CLANG_WARN_OBJC_LITERAL_CONVERSION = YES;
				CLANG_WARN_OBJC_ROOT_CLASS = YES_ERROR;
				CLANG_WARN_RANGE_LOOP_ANALYSIS = YES;
				CLANG_WARN_STRICT_PROTOTYPES = YES;
				CLANG_WARN_SUSPICIOUS_MOVE = YES;
				CLANG_WARN_UNGUARDED_AVAILABILITY = YES_AGGRESSIVE;
				CLANG_WARN_UNREACHABLE_CODE = YES;
				CLANG_WARN__DUPLICATE_METHOD_MATCH = YES;
				CODE_SIGN_IDENTITY = "iPhone Developer";
				COPY_PHASE_STRIP = NO;
				DEBUG_INFORMATION_FORMAT = "dwarf-with-dsym";
				ENABLE_NS_ASSERTIONS = NO;
				ENABLE_STRICT_OBJC_MSGSEND = YES;
				GCC_C_LANGUAGE_STANDARD = gnu11;
				GCC_NO_COMMON_BLOCKS = YES;
				GCC_WARN_64_TO_32_BIT_CONVERSION = YES;
				GCC_WARN_ABOUT_RETURN_TYPE = YES_ERROR;
				GCC_WARN_UNDECLARED_SELECTOR = YES;
				GCC_WARN_UNINITIALIZED_AUTOS = YES_AGGRESSIVE;
				GCC_WARN_UNUSED_FUNCTION = YES;
				GCC_WARN_UNUSED_VARIABLE = YES;
				IPHONEOS_DEPLOYMENT_TARGET = 11.4;
				MTL_ENABLE_DEBUG_INFO = NO;
				SDKROOT = iphoneos;
				SWIFT_COMPILATION_MODE = wholemodule;
				SWIFT_OPTIMIZATION_LEVEL = "-O";
				VALIDATE_PRODUCT = YES;
			};
			name = Release;
		};
		7B305CB22132F25500B184F5 /* Debug */ = {
			isa = XCBuildConfiguration;
			baseConfigurationReference = B5549817C05168A8BD8C0042 /* Pods-SpookyHalloweenSounds.debug.xcconfig */;
			buildSettings = {
				ALWAYS_SEARCH_USER_PATHS = NO;
				ASSETCATALOG_COMPILER_APPICON_NAME = AppIcon;
				CODE_SIGN_ENTITLEMENTS = SpookyHalloweenSounds/SpookyHalloweenSounds.entitlements;
				CODE_SIGN_IDENTITY = "Apple Development";
				CODE_SIGN_STYLE = Automatic;
				CURRENT_PROJECT_VERSION = 17;
				DEVELOPMENT_TEAM = Z4JJZ2GKLM;
				INFOPLIST_FILE = SpookyHalloweenSounds/Info.plist;
				LD_RUNPATH_SEARCH_PATHS = (
					"$(inherited)",
					"@executable_path/Frameworks",
				);
				MARKETING_VERSION = 1.1.6;
				PRODUCT_BUNDLE_IDENTIFIER = com.bossondesign.SpookyHalloweenSounds;
				PRODUCT_NAME = Halloween;
				PROVISIONING_PROFILE_SPECIFIER = "";
				SUPPORTS_MACCATALYST = NO;
				SWIFT_VERSION = 5.0;
				TARGETED_DEVICE_FAMILY = "1,2";
			};
			name = Debug;
		};
		7B305CB32132F25500B184F5 /* Release */ = {
			isa = XCBuildConfiguration;
			baseConfigurationReference = 88424C1216665D37FDD9A68E /* Pods-SpookyHalloweenSounds.release.xcconfig */;
			buildSettings = {
				ALWAYS_SEARCH_USER_PATHS = NO;
				ASSETCATALOG_COMPILER_APPICON_NAME = AppIcon;
				CODE_SIGN_ENTITLEMENTS = SpookyHalloweenSounds/SpookyHalloweenSounds.entitlements;
				CODE_SIGN_IDENTITY = "Apple Development";
				CODE_SIGN_STYLE = Automatic;
				CURRENT_PROJECT_VERSION = 17;
				DEVELOPMENT_TEAM = Z4JJZ2GKLM;
				INFOPLIST_FILE = SpookyHalloweenSounds/Info.plist;
				LD_RUNPATH_SEARCH_PATHS = (
					"$(inherited)",
					"@executable_path/Frameworks",
				);
				MARKETING_VERSION = 1.1.6;
				PRODUCT_BUNDLE_IDENTIFIER = com.bossondesign.SpookyHalloweenSounds;
				PRODUCT_NAME = Halloween;
				PROVISIONING_PROFILE_SPECIFIER = "";
				SUPPORTS_MACCATALYST = NO;
				SWIFT_VERSION = 5.0;
				TARGETED_DEVICE_FAMILY = "1,2";
			};
			name = Release;
		};
		7B305CB52132F25500B184F5 /* Debug */ = {
			isa = XCBuildConfiguration;
			baseConfigurationReference = F97D34FBC65CCDE2D0658D7E /* Pods-SpookyHalloweenSoundsTests.debug.xcconfig */;
			buildSettings = {
				ALWAYS_EMBED_SWIFT_STANDARD_LIBRARIES = YES;
				BUNDLE_LOADER = "$(TEST_HOST)";
				CODE_SIGN_STYLE = Automatic;
				DEVELOPMENT_TEAM = Z4JJZ2GKLM;
				INFOPLIST_FILE = SpookyHalloweenSoundsTests/Info.plist;
				LD_RUNPATH_SEARCH_PATHS = (
					"$(inherited)",
					"@executable_path/Frameworks",
					"@loader_path/Frameworks",
				);
				PRODUCT_BUNDLE_IDENTIFIER = com.bossondesign.SpookyHalloweenSoundsTests;
				PRODUCT_NAME = "$(TARGET_NAME)";
				SWIFT_VERSION = 5.0;
				TARGETED_DEVICE_FAMILY = "1,2";
				TEST_HOST = "$(BUILT_PRODUCTS_DIR)/SpookyHalloweenSounds.app/SpookyHalloweenSounds";
			};
			name = Debug;
		};
		7B305CB62132F25500B184F5 /* Release */ = {
			isa = XCBuildConfiguration;
			baseConfigurationReference = F7D0CFB91A07E9484B9C871D /* Pods-SpookyHalloweenSoundsTests.release.xcconfig */;
			buildSettings = {
				ALWAYS_EMBED_SWIFT_STANDARD_LIBRARIES = YES;
				BUNDLE_LOADER = "$(TEST_HOST)";
				CODE_SIGN_STYLE = Automatic;
				DEVELOPMENT_TEAM = Z4JJZ2GKLM;
				INFOPLIST_FILE = SpookyHalloweenSoundsTests/Info.plist;
				LD_RUNPATH_SEARCH_PATHS = (
					"$(inherited)",
					"@executable_path/Frameworks",
					"@loader_path/Frameworks",
				);
				PRODUCT_BUNDLE_IDENTIFIER = com.bossondesign.SpookyHalloweenSoundsTests;
				PRODUCT_NAME = "$(TARGET_NAME)";
				SWIFT_VERSION = 5.0;
				TARGETED_DEVICE_FAMILY = "1,2";
				TEST_HOST = "$(BUILT_PRODUCTS_DIR)/SpookyHalloweenSounds.app/SpookyHalloweenSounds";
			};
			name = Release;
		};
		7B305CB82132F25500B184F5 /* Debug */ = {
			isa = XCBuildConfiguration;
			baseConfigurationReference = 09A1184FFF06698EA51E5920 /* Pods-SpookyHalloweenSounds-SpookyHalloweenSoundsUITests.debug.xcconfig */;
			buildSettings = {
				ALWAYS_EMBED_SWIFT_STANDARD_LIBRARIES = YES;
				CODE_SIGN_STYLE = Automatic;
				DEVELOPMENT_TEAM = Z4JJZ2GKLM;
				INFOPLIST_FILE = SpookyHalloweenSoundsUITests/Info.plist;
				LD_RUNPATH_SEARCH_PATHS = (
					"$(inherited)",
					"@executable_path/Frameworks",
					"@loader_path/Frameworks",
				);
				PRODUCT_BUNDLE_IDENTIFIER = com.bossondesign.SpookyHalloweenSoundsUITests;
				PRODUCT_NAME = "$(TARGET_NAME)";
				SWIFT_VERSION = 5.0;
				TARGETED_DEVICE_FAMILY = "1,2";
				TEST_TARGET_NAME = SpookyHalloweenSounds;
			};
			name = Debug;
		};
		7B305CB92132F25500B184F5 /* Release */ = {
			isa = XCBuildConfiguration;
			baseConfigurationReference = 657E2B627565A6A319342E84 /* Pods-SpookyHalloweenSounds-SpookyHalloweenSoundsUITests.release.xcconfig */;
			buildSettings = {
				ALWAYS_EMBED_SWIFT_STANDARD_LIBRARIES = YES;
				CODE_SIGN_STYLE = Automatic;
				DEVELOPMENT_TEAM = Z4JJZ2GKLM;
				INFOPLIST_FILE = SpookyHalloweenSoundsUITests/Info.plist;
				LD_RUNPATH_SEARCH_PATHS = (
					"$(inherited)",
					"@executable_path/Frameworks",
					"@loader_path/Frameworks",
				);
				PRODUCT_BUNDLE_IDENTIFIER = com.bossondesign.SpookyHalloweenSoundsUITests;
				PRODUCT_NAME = "$(TARGET_NAME)";
				SWIFT_VERSION = 5.0;
				TARGETED_DEVICE_FAMILY = "1,2";
				TEST_TARGET_NAME = SpookyHalloweenSounds;
			};
			name = Release;
		};
/* End XCBuildConfiguration section */

/* Begin XCConfigurationList section */
		7B305C842132F25300B184F5 /* Build configuration list for PBXProject "SpookyHalloweenSounds" */ = {
			isa = XCConfigurationList;
			buildConfigurations = (
				7B305CAF2132F25500B184F5 /* Debug */,
				7B305CB02132F25500B184F5 /* Release */,
			);
			defaultConfigurationIsVisible = 0;
			defaultConfigurationName = Release;
		};
		7B305CB12132F25500B184F5 /* Build configuration list for PBXNativeTarget "SpookyHalloweenSounds" */ = {
			isa = XCConfigurationList;
			buildConfigurations = (
				7B305CB22132F25500B184F5 /* Debug */,
				7B305CB32132F25500B184F5 /* Release */,
			);
			defaultConfigurationIsVisible = 0;
			defaultConfigurationName = Release;
		};
		7B305CB42132F25500B184F5 /* Build configuration list for PBXNativeTarget "SpookyHalloweenSoundsTests" */ = {
			isa = XCConfigurationList;
			buildConfigurations = (
				7B305CB52132F25500B184F5 /* Debug */,
				7B305CB62132F25500B184F5 /* Release */,
			);
			defaultConfigurationIsVisible = 0;
			defaultConfigurationName = Release;
		};
		7B305CB72132F25500B184F5 /* Build configuration list for PBXNativeTarget "SpookyHalloweenSoundsUITests" */ = {
			isa = XCConfigurationList;
			buildConfigurations = (
				7B305CB82132F25500B184F5 /* Debug */,
				7B305CB92132F25500B184F5 /* Release */,
			);
			defaultConfigurationIsVisible = 0;
			defaultConfigurationName = Release;
		};
/* End XCConfigurationList section */
	};
	rootObject = 7B305C812132F25300B184F5 /* Project object */;
}
